
Microsoft Visual Studio Solution File, Format Version 12.00
# Visual Studio Version 17
VisualStudioVersion = 17.9.34616.47
MinimumVisualStudioVersion = 10.0.40219.1
Project("{9A19103F-16F7-4668-BE54-9A1E7A4F7556}") = "MogMod", "MogMod.csproj", "{30F244C0-DB89-49BF-878C-C300501D855F}"
EndProject
Global
	GlobalSection(SolutionConfigurationPlatforms) = preSolution
		Debug|Any CPU = Debug|Any CPU
		Release|Any CPU = Release|Any CPU
	EndGlobalSection
	GlobalSection(ProjectConfigurationPlatforms) = postSolution
		{30F244C0-DB89-49BF-878C-C300501D855F}.Debug|Any CPU.ActiveCfg = Debug|Any CPU
		{30F244C0-DB89-49BF-878C-C300501D855F}.Debug|Any CPU.Build.0 = Debug|Any CPU
		{30F244C0-DB89-49BF-878C-C300501D855F}.Release|Any CPU.ActiveCfg = Release|Any CPU
		{30F244C0-DB89-49BF-878C-C300501D855F}.Release|Any CPU.Build.0 = Release|Any CPU
	EndGlobalSection
	GlobalSection(SolutionProperties) = preSolution
		HideSolutionNode = FALSE
	EndGlobalSection
	GlobalSection(ExtensibilityGlobals) = postSolution
		SolutionGuid = {258275BD-224B-42D4-A584-6D868A5A9934}
	EndGlobalSection
EndGlobal
